
Microsoft Visual Studio Solution File, Format Version 12.00
# Visual Studio Version 17
VisualStudioVersion = 17.0.31903.59
MinimumVisualStudioVersion = 10.0.40219.1
Project("{FAE04EC0-301F-11D3-BF4B-00C04F79EFBC}") = "healthInformationSystem", "healthInformationSystem.csproj", "{82A3E686-86CF-494A-A9C9-D871977DE0A3}"
EndProject
Global
	GlobalSection(SolutionConfigurationPlatforms) = preSolution
		Debug|Any CPU = Debug|Any CPU
		Release|Any CPU = Release|Any CPU
	EndGlobalSection
	GlobalSection(ProjectConfigurationPlatforms) = postSolution
		{82A3E686-86CF-494A-A9C9-D871977DE0A3}.Debug|Any CPU.ActiveCfg = Debug|Any CPU
		{82A3E686-86CF-494A-A9C9-D871977DE0A3}.Debug|Any CPU.Build.0 = Debug|Any CPU
		{82A3E686-86CF-494A-A9C9-D871977DE0A3}.Release|Any CPU.ActiveCfg = Release|Any CPU
		{82A3E686-86CF-494A-A9C9-D871977DE0A3}.Release|Any CPU.Build.0 = Release|Any CPU
	EndGlobalSection
	GlobalSection(SolutionProperties) = preSolution
		HideSolutionNode = FALSE
	EndGlobalSection
	GlobalSection(ExtensibilityGlobals) = postSolution
		SolutionGuid = {B4AEEAA1-3DD6-48A9-B8DC-CD2A9C873432}
	EndGlobalSection
EndGlobal
